
Microsoft Visual Studio Solution File, Format Version 12.00
# Visual Studio Version 17
VisualStudioVersion = 17.1.32210.238
MinimumVisualStudioVersion = 10.0.40219.1
Project("{FAE04EC0-301F-11D3-BF4B-00C04F79EFBC}") = "Calculator", "Calculator.csproj", "{36BECFB5-655A-4DDA-9654-1E886CB37712}"
EndProject
Global
	GlobalSection(SolutionConfigurationPlatforms) = preSolution
		Debug|Any CPU = Debug|Any CPU
		Release|Any CPU = Release|Any CPU
	EndGlobalSection
	GlobalSection(ProjectConfigurationPlatforms) = postSolution
		{36BECFB5-655A-4DDA-9654-1E886CB37712}.Debug|Any CPU.ActiveCfg = Debug|Any CPU
		{36BECFB5-655A-4DDA-9654-1E886CB37712}.Debug|Any CPU.Build.0 = Debug|Any CPU
		{36BECFB5-655A-4DDA-9654-1E886CB37712}.Release|Any CPU.ActiveCfg = Release|Any CPU
		{36BECFB5-655A-4DDA-9654-1E886CB37712}.Release|Any CPU.Build.0 = Release|Any CPU
	EndGlobalSection
	GlobalSection(SolutionProperties) = preSolution
		HideSolutionNode = FALSE
	EndGlobalSection
	GlobalSection(ExtensibilityGlobals) = postSolution
		SolutionGuid = {F23D65CA-0373-4423-B6C7-36DB2D079F08}
	EndGlobalSection
EndGlobal
